
Microsoft Visual Studio Solution File, Format Version 12.00
# Visual Studio Version 17
VisualStudioVersion = 17.10.35122.118
MinimumVisualStudioVersion = 10.0.40219.1
Project("{9A19103F-16F7-4668-BE54-9A1E7A4F7556}") = "NokkenHelper", "NokkenHelper\NokkenHelper.csproj", "{CEAAEFC8-3F41-4F9E-9A71-19C5793CF767}"
EndProject
Global
	GlobalSection(SolutionConfigurationPlatforms) = preSolution
		Debug|Any CPU = Debug|Any CPU
		Release|Any CPU = Release|Any CPU
	EndGlobalSection
	GlobalSection(ProjectConfigurationPlatforms) = postSolution
		{CEAAEFC8-3F41-4F9E-9A71-19C5793CF767}.Debug|Any CPU.ActiveCfg = Debug|Any CPU
		{CEAAEFC8-3F41-4F9E-9A71-19C5793CF767}.Debug|Any CPU.Build.0 = Debug|Any CPU
		{CEAAEFC8-3F41-4F9E-9A71-19C5793CF767}.Release|Any CPU.ActiveCfg = Release|Any CPU
		{CEAAEFC8-3F41-4F9E-9A71-19C5793CF767}.Release|Any CPU.Build.0 = Release|Any CPU
	EndGlobalSection
	GlobalSection(SolutionProperties) = preSolution
		HideSolutionNode = FALSE
	EndGlobalSection
	GlobalSection(ExtensibilityGlobals) = postSolution
		SolutionGuid = {8DB94F01-1981-4F50-97CE-1BAC0AB8EEA4}
	EndGlobalSection
EndGlobal
